# This file is automatically @generated by Cargo.
# It is not intended for manual editing.
version = 4

[[package]]
name = "service-app"
version = "0.1.0"
dependencies = [
 "service-core",
 "service-features",
 "service-platform",
 "service-transport",
]

[[package]]
name = "service-core"
version = "0.1.0"

[[package]]
name = "service-devtools"
version = "0.1.0"

[[package]]
name = "service-features"
version = "0.1.0"
dependencies = [
 "service-core",
]

[[package]]
name = "service-platform"
version = "0.1.0"
dependencies = [
 "service-core",
]

[[package]]
name = "service-tests"
version = "0.1.0"
dependencies = [
 "service-core",
 "service-features",
 "service-transport",
]

[[package]]
name = "service-transport"
version = "0.1.0"
dependencies = [
 "service-core",
]
